
Microsoft Visual Studio Solution File, Format Version 12.00
# Visual Studio 14
VisualStudioVersion = 14.0.25420.1
MinimumVisualStudioVersion = 10.0.40219.1
Project("{9092AA53-FB77-4645-B42D-1CCCA6BD08BD}") = "powerlock", "powerlock\powerlock.njsproj", "{19413000-1C4F-4B49-84E9-2AFDF7C09BCA}"
EndProject
Global
	GlobalSection(SolutionConfigurationPlatforms) = preSolution
		Debug|Any CPU = Debug|Any CPU
		Release|Any CPU = Release|Any CPU
	EndGlobalSection
	GlobalSection(ProjectConfigurationPlatforms) = postSolution
		{19413000-1C4F-4B49-84E9-2AFDF7C09BCA}.Debug|Any CPU.ActiveCfg = Debug|Any CPU
		{19413000-1C4F-4B49-84E9-2AFDF7C09BCA}.Debug|Any CPU.Build.0 = Debug|Any CPU
		{19413000-1C4F-4B49-84E9-2AFDF7C09BCA}.Release|Any CPU.ActiveCfg = Release|Any CPU
		{19413000-1C4F-4B49-84E9-2AFDF7C09BCA}.Release|Any CPU.Build.0 = Release|Any CPU
	EndGlobalSection
	GlobalSection(SolutionProperties) = preSolution
		HideSolutionNode = FALSE
	EndGlobalSection
EndGlobal
